PODS:
  - Cartography (3.1.0)
  - NovaCore (0.7)
  - NovaLines (0.7)
  - NovaMenu (0.6):
    - Cartography
    - NovaCore
    - NovaLines

DEPENDENCIES:
  - NovaLines (~> 0.5)
  - NovaMenu (from `../`)

SPEC REPOS:
  https://github.com/cocoapods/specs.git:
    - Cartography
    - NovaCore
    - NovaLines

EXTERNAL SOURCES:
  NovaMenu:
    :path: "../"

SPEC CHECKSUMS:
  Cartography: 1988b7578871a56c036e7af17195cb2190edf18c
  NovaCore: 05fede9551d63efdf38093fb22caeac3ff43f149
  NovaLines: 723fa1fdbf64e38db12af9de95f2658168b14f3a
  NovaMenu: 25000496cc5101d7e131608d21a447fee29908e9

PODFILE CHECKSUM: f0acf4f818d2a5349b0f1bd26702080e76136667

COCOAPODS: 1.6.0.beta.1
